
Microsoft Visual Studio Solution File, Format Version 12.00
Project("{FAE04EC0-301F-11D3-BF4B-00C04F79EFBC}") = "Zad4", "Zad4\Zad4.csproj", "{3F1261E2-B9E5-48CE-B6DF-284C570061C8}"
EndProject
Global
	GlobalSection(SolutionConfigurationPlatforms) = preSolution
		Debug|Any CPU = Debug|Any CPU
		Release|Any CPU = Release|Any CPU
	EndGlobalSection
	GlobalSection(ProjectConfigurationPlatforms) = postSolution
		{3F1261E2-B9E5-48CE-B6DF-284C570061C8}.Debug|Any CPU.ActiveCfg = Debug|Any CPU
		{3F1261E2-B9E5-48CE-B6DF-284C570061C8}.Debug|Any CPU.Build.0 = Debug|Any CPU
		{3F1261E2-B9E5-48CE-B6DF-284C570061C8}.Release|Any CPU.ActiveCfg = Release|Any CPU
		{3F1261E2-B9E5-48CE-B6DF-284C570061C8}.Release|Any CPU.Build.0 = Release|Any CPU
	EndGlobalSection
EndGlobal
